
Microsoft Visual Studio Solution File, Format Version 12.00
# Visual Studio Version 17
VisualStudioVersion = 17.10.34707.107
MinimumVisualStudioVersion = 10.0.40219.1
Project("{9A19103F-16F7-4668-BE54-9A1E7A4F7556}") = "Puzzle-29", "Puzzle-29\Puzzle-29\Puzzle-29.csproj", "{42701B46-7FCB-49AE-8D0B-ED86A875EBF9}"
EndProject
Project("{9A19103F-16F7-4668-BE54-9A1E7A4F7556}") = "Puzzle-29.Client", "Puzzle-29\Puzzle-29.Client\Puzzle-29.Client.csproj", "{BDFDA575-7AC7-45F0-A411-085241E9DC2C}"
EndProject
Global
	GlobalSection(SolutionConfigurationPlatforms) = preSolution
		Debug|Any CPU = Debug|Any CPU
		Release|Any CPU = Release|Any CPU
	EndGlobalSection
	GlobalSection(ProjectConfigurationPlatforms) = postSolution
		{42701B46-7FCB-49AE-8D0B-ED86A875EBF9}.Debug|Any CPU.ActiveCfg = Debug|Any CPU
		{42701B46-7FCB-49AE-8D0B-ED86A875EBF9}.Debug|Any CPU.Build.0 = Debug|Any CPU
		{42701B46-7FCB-49AE-8D0B-ED86A875EBF9}.Release|Any CPU.ActiveCfg = Release|Any CPU
		{42701B46-7FCB-49AE-8D0B-ED86A875EBF9}.Release|Any CPU.Build.0 = Release|Any CPU
		{BDFDA575-7AC7-45F0-A411-085241E9DC2C}.Debug|Any CPU.ActiveCfg = Debug|Any CPU
		{BDFDA575-7AC7-45F0-A411-085241E9DC2C}.Debug|Any CPU.Build.0 = Debug|Any CPU
		{BDFDA575-7AC7-45F0-A411-085241E9DC2C}.Release|Any CPU.ActiveCfg = Release|Any CPU
		{BDFDA575-7AC7-45F0-A411-085241E9DC2C}.Release|Any CPU.Build.0 = Release|Any CPU
	EndGlobalSection
	GlobalSection(SolutionProperties) = preSolution
		HideSolutionNode = FALSE
	EndGlobalSection
	GlobalSection(ExtensibilityGlobals) = postSolution
		SolutionGuid = {67956066-8078-41CF-B2A3-2280A2B183E4}
	EndGlobalSection
EndGlobal
